github.com/elazarl/goproxy v0.0.0-20231031074852-3ec07828be7a h1:r72lWG/xCv9MLpRTss5BQVHDURXaaD6OwS2HkI5/+Ls=
github.com/elazarl/goproxy v0.0.0-20231031074852-3ec07828be7a/go.mod h1:Ro8st/ElPeALwNFlcTpWmkr6IoMFfkjXAvTHpevnDsM=
github.com/elazarl/goproxy/ext v0.0.0-20190711103511-473e67f1d7d2 h1:dWB6v3RcOy03t/bUadywsbyrQwCqZeNIEX6M1OtSZOM=
github.com/elazarl/goproxy/ext v0.0.0-20190711103511-473e67f1d7d2/go.mod h1:gNh8nYJoAm43RfaxurUnxr+N1PwuFV3ZMl/efxlIlY8=
github.com/inconshreveable/go-vhost v1.0.0 h1:IK4VZTlXL4l9vz2IZoiSFbYaaqUW7dXJAiPriUN5Ur8=
github.com/inconshreveable/go-vhost v1.0.0/go.mod h1:aA6DnFhALT3zH0y+A39we+zbrdMC2N0X/q21e6FI0LU=
github.com/ouqiang/websocket v1.6.2 h1:LGQIySbQO3ahZCl34v9xBVb0yncDk8yIcuEIbWBab/U=
github.com/ouqiang/websocket v1.6.2/go.mod h1:fIROJIHRlQwgCyUFTMzaaIcs4HIwUj2xlOW43u9Sf+M=
github.com/rogpeppe/go-charset v0.0.0-20180617210344-2471d30d28b4/go.mod h1:qgYeAmZ5ZIpBWTGllZSQnw97Dj+woV0toclVaRGI8pc=
